
Microsoft Visual Studio Solution File, Format Version 12.00
# Visual Studio Version 17
VisualStudioVersion = 17.13.35919.96
MinimumVisualStudioVersion = 10.0.40219.1
Project("{8BC9CEB8-8B4A-11D0-8D11-00A0C91BC942}") = "HelloWorld", "HelloWorld\HelloWorld.vcxproj", "{DEB7113C-23F7-4852-A584-8C00E29A1C43}"
EndProject
Project("{8BC9CEB8-8B4A-11D0-8D11-00A0C91BC942}") = "DataTypes", "DataTypes\DataTypes.vcxproj", "{6BC1FD83-84D8-4464-8FDD-CAEEEE7F39F1}"
EndProject
Project("{8BC9CEB8-8B4A-11D0-8D11-00A0C91BC942}") = "UserDataTypes", "UserDataTypes\UserDataTypes.vcxproj", "{A553EA69-B0D1-46A0-932E-6EF1D5887A25}"
EndProject
Project("{8BC9CEB8-8B4A-11D0-8D11-00A0C91BC942}") = "InClassMaze", "InClassMaze\InClassMaze.vcxproj", "{7093095F-8437-4D7A-BB04-C34846FDE3E3}"
EndProject
Project("{8BC9CEB8-8B4A-11D0-8D11-00A0C91BC942}") = "MadLibRemake", "MadLibRemake\MadLibRemake.vcxproj", "{AF46351F-B4CA-43FA-B9E8-D0BAF1696732}"
EndProject
Project("{8BC9CEB8-8B4A-11D0-8D11-00A0C91BC942}") = "Containers", "Containers\Containers.vcxproj", "{FE51AC6D-4F84-4095-B4C6-4AC6C5FD9BE8}"
EndProject
Project("{8BC9CEB8-8B4A-11D0-8D11-00A0C91BC942}") = "Containers(InClass)", "Containers(InClass)\Containers(InClass).vcxproj", "{FDAA79C7-F058-49A2-A4A8-D34B82ADB20E}"
EndProject
Project("{8BC9CEB8-8B4A-11D0-8D11-00A0C91BC942}") = "MemoryReview", "MemoryReview\MemoryReview.vcxproj", "{6CFAA725-608F-4E33-94E9-F1DBD6C8DF3B}"
EndProject
Project("{8BC9CEB8-8B4A-11D0-8D11-00A0C91BC942}") = "OOP", "OOP\OOP.vcxproj", "{6BF22E12-4684-4A5A-827B-F61D646A4056}"
EndProject
Project("{8BC9CEB8-8B4A-11D0-8D11-00A0C91BC942}") = "C++Classes", "C++Classes\C++Classes.vcxproj", "{7428660C-1BD4-407A-ACA5-D081EC59C98C}"
EndProject
Project("{8BC9CEB8-8B4A-11D0-8D11-00A0C91BC942}") = "SmartPointers", "SmartPointers\SmartPointers.vcxproj", "{9C8D7660-431F-4987-9DF2-A85D6E45002A}"
EndProject
Project("{8BC9CEB8-8B4A-11D0-8D11-00A0C91BC942}") = "{A}Fail", "{A}Fail\{A}Fail.vcxproj", "{D6771B02-620A-4D59-BD39-8CC9E88D564B}"
EndProject
Project("{8BC9CEB8-8B4A-11D0-8D11-00A0C91BC942}") = "Miscellaneous", "Miscellaneous\Miscellaneous.vcxproj", "{0391DF54-2A08-4E97-8FD0-63D5C62C0B53}"
EndProject
Project("{8BC9CEB8-8B4A-11D0-8D11-00A0C91BC942}") = "{A}Fractions", "{A}Fractions\{A}Fractions.vcxproj", "{56708F47-BCB2-4FB5-B124-3AA3898935DE}"
EndProject
Global
	GlobalSection(SolutionConfigurationPlatforms) = preSolution
		Debug|x64 = Debug|x64
		Debug|x86 = Debug|x86
		Release|x64 = Release|x64
		Release|x86 = Release|x86
	EndGlobalSection
	GlobalSection(ProjectConfigurationPlatforms) = postSolution
		{DEB7113C-23F7-4852-A584-8C00E29A1C43}.Debug|x64.ActiveCfg = Debug|x64
		{DEB7113C-23F7-4852-A584-8C00E29A1C43}.Debug|x64.Build.0 = Debug|x64
		{DEB7113C-23F7-4852-A584-8C00E29A1C43}.Debug|x86.ActiveCfg = Debug|Win32
		{DEB7113C-23F7-4852-A584-8C00E29A1C43}.Debug|x86.Build.0 = Debug|Win32
		{DEB7113C-23F7-4852-A584-8C00E29A1C43}.Release|x64.ActiveCfg = Release|x64
		{DEB7113C-23F7-4852-A584-8C00E29A1C43}.Release|x64.Build.0 = Release|x64
		{DEB7113C-23F7-4852-A584-8C00E29A1C43}.Release|x86.ActiveCfg = Release|Win32
		{DEB7113C-23F7-4852-A584-8C00E29A1C43}.Release|x86.Build.0 = Release|Win32
		{6BC1FD83-84D8-4464-8FDD-CAEEEE7F39F1}.Debug|x64.ActiveCfg = Debug|x64
		{6BC1FD83-84D8-4464-8FDD-CAEEEE7F39F1}.Debug|x64.Build.0 = Debug|x64
		{6BC1FD83-84D8-4464-8FDD-CAEEEE7F39F1}.Debug|x86.ActiveCfg = Debug|Win32
		{6BC1FD83-84D8-4464-8FDD-CAEEEE7F39F1}.Debug|x86.Build.0 = Debug|Win32
		{6BC1FD83-84D8-4464-8FDD-CAEEEE7F39F1}.Release|x64.ActiveCfg = Release|x64
		{6BC1FD83-84D8-4464-8FDD-CAEEEE7F39F1}.Release|x64.Build.0 = Release|x64
		{6BC1FD83-84D8-4464-8FDD-CAEEEE7F39F1}.Release|x86.ActiveCfg = Release|Win32
		{6BC1FD83-84D8-4464-8FDD-CAEEEE7F39F1}.Release|x86.Build.0 = Release|Win32
		{A553EA69-B0D1-46A0-932E-6EF1D5887A25}.Debug|x64.ActiveCfg = Debug|x64
		{A553EA69-B0D1-46A0-932E-6EF1D5887A25}.Debug|x64.Build.0 = Debug|x64
		{A553EA69-B0D1-46A0-932E-6EF1D5887A25}.Debug|x86.ActiveCfg = Debug|Win32
		{A553EA69-B0D1-46A0-932E-6EF1D5887A25}.Debug|x86.Build.0 = Debug|Win32
		{A553EA69-B0D1-46A0-932E-6EF1D5887A25}.Release|x64.ActiveCfg = Release|x64
		{A553EA69-B0D1-46A0-932E-6EF1D5887A25}.Release|x64.Build.0 = Release|x64
		{A553EA69-B0D1-46A0-932E-6EF1D5887A25}.Release|x86.ActiveCfg = Release|Win32
		{A553EA69-B0D1-46A0-932E-6EF1D5887A25}.Release|x86.Build.0 = Release|Win32
		{7093095F-8437-4D7A-BB04-C34846FDE3E3}.Debug|x64.ActiveCfg = Debug|x64
		{7093095F-8437-4D7A-BB04-C34846FDE3E3}.Debug|x64.Build.0 = Debug|x64
		{7093095F-8437-4D7A-BB04-C34846FDE3E3}.Debug|x86.ActiveCfg = Debug|Win32
		{7093095F-8437-4D7A-BB04-C34846FDE3E3}.Debug|x86.Build.0 = Debug|Win32
		{7093095F-8437-4D7A-BB04-C34846FDE3E3}.Release|x64.ActiveCfg = Release|x64
		{7093095F-8437-4D7A-BB04-C34846FDE3E3}.Release|x64.Build.0 = Release|x64
		{7093095F-8437-4D7A-BB04-C34846FDE3E3}.Release|x86.ActiveCfg = Release|Win32
		{7093095F-8437-4D7A-BB04-C34846FDE3E3}.Release|x86.Build.0 = Release|Win32
		{AF46351F-B4CA-43FA-B9E8-D0BAF1696732}.Debug|x64.ActiveCfg = Debug|x64
		{AF46351F-B4CA-43FA-B9E8-D0BAF1696732}.Debug|x64.Build.0 = Debug|x64
		{AF46351F-B4CA-43FA-B9E8-D0BAF1696732}.Debug|x86.ActiveCfg = Debug|Win32
		{AF46351F-B4CA-43FA-B9E8-D0BAF1696732}.Debug|x86.Build.0 = Debug|Win32
		{AF46351F-B4CA-43FA-B9E8-D0BAF1696732}.Release|x64.ActiveCfg = Release|x64
		{AF46351F-B4CA-43FA-B9E8-D0BAF1696732}.Release|x64.Build.0 = Release|x64
		{AF46351F-B4CA-43FA-B9E8-D0BAF1696732}.Release|x86.ActiveCfg = Release|Win32
		{AF46351F-B4CA-43FA-B9E8-D0BAF1696732}.Release|x86.Build.0 = Release|Win32
		{FE51AC6D-4F84-4095-B4C6-4AC6C5FD9BE8}.Debug|x64.ActiveCfg = Debug|x64
		{FE51AC6D-4F84-4095-B4C6-4AC6C5FD9BE8}.Debug|x64.Build.0 = Debug|x64
		{FE51AC6D-4F84-4095-B4C6-4AC6C5FD9BE8}.Debug|x86.ActiveCfg = Debug|Win32
		{FE51AC6D-4F84-4095-B4C6-4AC6C5FD9BE8}.Debug|x86.Build.0 = Debug|Win32
		{FE51AC6D-4F84-4095-B4C6-4AC6C5FD9BE8}.Release|x64.ActiveCfg = Release|x64
		{FE51AC6D-4F84-4095-B4C6-4AC6C5FD9BE8}.Release|x64.Build.0 = Release|x64
		{FE51AC6D-4F84-4095-B4C6-4AC6C5FD9BE8}.Release|x86.ActiveCfg = Release|Win32
		{FE51AC6D-4F84-4095-B4C6-4AC6C5FD9BE8}.Release|x86.Build.0 = Release|Win32
		{FDAA79C7-F058-49A2-A4A8-D34B82ADB20E}.Debug|x64.ActiveCfg = Debug|x64
		{FDAA79C7-F058-49A2-A4A8-D34B82ADB20E}.Debug|x64.Build.0 = Debug|x64
		{FDAA79C7-F058-49A2-A4A8-D34B82ADB20E}.Debug|x86.ActiveCfg = Debug|Win32
		{FDAA79C7-F058-49A2-A4A8-D34B82ADB20E}.Debug|x86.Build.0 = Debug|Win32
		{FDAA79C7-F058-49A2-A4A8-D34B82ADB20E}.Release|x64.ActiveCfg = Release|x64
		{FDAA79C7-F058-49A2-A4A8-D34B82ADB20E}.Release|x64.Build.0 = Release|x64
		{FDAA79C7-F058-49A2-A4A8-D34B82ADB20E}.Release|x86.ActiveCfg = Release|Win32
		{FDAA79C7-F058-49A2-A4A8-D34B82ADB20E}.Release|x86.Build.0 = Release|Win32
		{6CFAA725-608F-4E33-94E9-F1DBD6C8DF3B}.Debug|x64.ActiveCfg = Debug|x64
		{6CFAA725-608F-4E33-94E9-F1DBD6C8DF3B}.Debug|x64.Build.0 = Debug|x64
		{6CFAA725-608F-4E33-94E9-F1DBD6C8DF3B}.Debug|x86.ActiveCfg = Debug|Win32
		{6CFAA725-608F-4E33-94E9-F1DBD6C8DF3B}.Debug|x86.Build.0 = Debug|Win32
		{6CFAA725-608F-4E33-94E9-F1DBD6C8DF3B}.Release|x64.ActiveCfg = Release|x64
		{6CFAA725-608F-4E33-94E9-F1DBD6C8DF3B}.Release|x64.Build.0 = Release|x64
		{6CFAA725-608F-4E33-94E9-F1DBD6C8DF3B}.Release|x86.ActiveCfg = Release|Win32
		{6CFAA725-608F-4E33-94E9-F1DBD6C8DF3B}.Release|x86.Build.0 = Release|Win32
		{6BF22E12-4684-4A5A-827B-F61D646A4056}.Debug|x64.ActiveCfg = Debug|x64
		{6BF22E12-4684-4A5A-827B-F61D646A4056}.Debug|x64.Build.0 = Debug|x64
		{6BF22E12-4684-4A5A-827B-F61D646A4056}.Debug|x86.ActiveCfg = Debug|Win32
		{6BF22E12-4684-4A5A-827B-F61D646A4056}.Debug|x86.Build.0 = Debug|Win32
		{6BF22E12-4684-4A5A-827B-F61D646A4056}.Release|x64.ActiveCfg = Release|x64
		{6BF22E12-4684-4A5A-827B-F61D646A4056}.Release|x64.Build.0 = Release|x64
		{6BF22E12-4684-4A5A-827B-F61D646A4056}.Release|x86.ActiveCfg = Release|Win32
		{6BF22E12-4684-4A5A-827B-F61D646A4056}.Release|x86.Build.0 = Release|Win32
		{7428660C-1BD4-407A-ACA5-D081EC59C98C}.Debug|x64.ActiveCfg = Debug|x64
		{7428660C-1BD4-407A-ACA5-D081EC59C98C}.Debug|x64.Build.0 = Debug|x64
		{7428660C-1BD4-407A-ACA5-D081EC59C98C}.Debug|x86.ActiveCfg = Debug|Win32
		{7428660C-1BD4-407A-ACA5-D081EC59C98C}.Debug|x86.Build.0 = Debug|Win32
		{7428660C-1BD4-407A-ACA5-D081EC59C98C}.Release|x64.ActiveCfg = Release|x64
		{7428660C-1BD4-407A-ACA5-D081EC59C98C}.Release|x64.Build.0 = Release|x64
		{7428660C-1BD4-407A-ACA5-D081EC59C98C}.Release|x86.ActiveCfg = Release|Win32
		{7428660C-1BD4-407A-ACA5-D081EC59C98C}.Release|x86.Build.0 = Release|Win32
		{9C8D7660-431F-4987-9DF2-A85D6E45002A}.Debug|x64.ActiveCfg = Debug|x64
		{9C8D7660-431F-4987-9DF2-A85D6E45002A}.Debug|x64.Build.0 = Debug|x64
		{9C8D7660-431F-4987-9DF2-A85D6E45002A}.Debug|x86.ActiveCfg = Debug|Win32
		{9C8D7660-431F-4987-9DF2-A85D6E45002A}.Debug|x86.Build.0 = Debug|Win32
		{9C8D7660-431F-4987-9DF2-A85D6E45002A}.Release|x64.ActiveCfg = Release|x64
		{9C8D7660-431F-4987-9DF2-A85D6E45002A}.Release|x64.Build.0 = Release|x64
		{9C8D7660-431F-4987-9DF2-A85D6E45002A}.Release|x86.ActiveCfg = Release|Win32
		{9C8D7660-431F-4987-9DF2-A85D6E45002A}.Release|x86.Build.0 = Release|Win32
		{D6771B02-620A-4D59-BD39-8CC9E88D564B}.Debug|x64.ActiveCfg = Debug|x64
		{D6771B02-620A-4D59-BD39-8CC9E88D564B}.Debug|x64.Build.0 = Debug|x64
		{D6771B02-620A-4D59-BD39-8CC9E88D564B}.Debug|x86.ActiveCfg = Debug|Win32
		{D6771B02-620A-4D59-BD39-8CC9E88D564B}.Debug|x86.Build.0 = Debug|Win32
		{D6771B02-620A-4D59-BD39-8CC9E88D564B}.Release|x64.ActiveCfg = Release|x64
		{D6771B02-620A-4D59-BD39-8CC9E88D564B}.Release|x64.Build.0 = Release|x64
		{D6771B02-620A-4D59-BD39-8CC9E88D564B}.Release|x86.ActiveCfg = Release|Win32
		{D6771B02-620A-4D59-BD39-8CC9E88D564B}.Release|x86.Build.0 = Release|Win32
		{0391DF54-2A08-4E97-8FD0-63D5C62C0B53}.Debug|x64.ActiveCfg = Debug|x64
		{0391DF54-2A08-4E97-8FD0-63D5C62C0B53}.Debug|x64.Build.0 = Debug|x64
		{0391DF54-2A08-4E97-8FD0-63D5C62C0B53}.Debug|x86.ActiveCfg = Debug|Win32
		{0391DF54-2A08-4E97-8FD0-63D5C62C0B53}.Debug|x86.Build.0 = Debug|Win32
		{0391DF54-2A08-4E97-8FD0-63D5C62C0B53}.Release|x64.ActiveCfg = Release|x64
		{0391DF54-2A08-4E97-8FD0-63D5C62C0B53}.Release|x64.Build.0 = Release|x64
		{0391DF54-2A08-4E97-8FD0-63D5C62C0B53}.Release|x86.ActiveCfg = Release|Win32
		{0391DF54-2A08-4E97-8FD0-63D5C62C0B53}.Release|x86.Build.0 = Release|Win32
		{56708F47-BCB2-4FB5-B124-3AA3898935DE}.Debug|x64.ActiveCfg = Debug|x64
		{56708F47-BCB2-4FB5-B124-3AA3898935DE}.Debug|x64.Build.0 = Debug|x64
		{56708F47-BCB2-4FB5-B124-3AA3898935DE}.Debug|x86.ActiveCfg = Debug|Win32
		{56708F47-BCB2-4FB5-B124-3AA3898935DE}.Debug|x86.Build.0 = Debug|Win32
		{56708F47-BCB2-4FB5-B124-3AA3898935DE}.Release|x64.ActiveCfg = Release|x64
		{56708F47-BCB2-4FB5-B124-3AA3898935DE}.Release|x64.Build.0 = Release|x64
		{56708F47-BCB2-4FB5-B124-3AA3898935DE}.Release|x86.ActiveCfg = Release|Win32
		{56708F47-BCB2-4FB5-B124-3AA3898935DE}.Release|x86.Build.0 = Release|Win32
	EndGlobalSection
	GlobalSection(SolutionProperties) = preSolution
		HideSolutionNode = FALSE
	EndGlobalSection
	GlobalSection(ExtensibilityGlobals) = postSolution
		SolutionGuid = {154DB5F8-CF78-4394-990F-BB339542EFD1}
	EndGlobalSection
EndGlobal
